
Microsoft Visual Studio Solution File, Format Version 12.00
# Visual Studio Version 16
VisualStudioVersion = 16.0.30104.148
MinimumVisualStudioVersion = 10.0.40219.1
Project("{FAE04EC0-301F-11D3-BF4B-00C04F79EFBC}") = "TradingAPI", "TradingAPI\TradingAPI.csproj", "{BD9C7710-8556-41CF-BD80-4428C8E3AB02}"
EndProject
Project("{FAE04EC0-301F-11D3-BF4B-00C04F79EFBC}") = "Trading.Data", "Trading.Data\Trading.Data.csproj", "{E3160A64-F581-43E0-8B85-A7A849136ACD}"
EndProject
Project("{FAE04EC0-301F-11D3-BF4B-00C04F79EFBC}") = "Trading.Interface", "Trading.Interface\Trading.Interface.csproj", "{D3C0B798-A4DC-4F86-9887-D372A855436E}"
EndProject
Project("{FAE04EC0-301F-11D3-BF4B-00C04F79EFBC}") = "Trading.Infrastructure", "Trading.Infrastructure\Trading.Infrastructure.csproj", "{48804E3B-73BD-41B4-9B21-55755DC4CC5C}"
EndProject
Project("{FAE04EC0-301F-11D3-BF4B-00C04F79EFBC}") = "Trading.Exception", "Trading.Exception\Trading.Exception.csproj", "{FEE79E76-F1DA-420A-B91F-E7A801B3B40F}"
EndProject
Global
	GlobalSection(SolutionConfigurationPlatforms) = preSolution
		Debug|Any CPU = Debug|Any CPU
		Release|Any CPU = Release|Any CPU
	EndGlobalSection
	GlobalSection(ProjectConfigurationPlatforms) = postSolution
		{BD9C7710-8556-41CF-BD80-4428C8E3AB02}.Debug|Any CPU.ActiveCfg = Debug|Any CPU
		{BD9C7710-8556-41CF-BD80-4428C8E3AB02}.Debug|Any CPU.Build.0 = Debug|Any CPU
		{BD9C7710-8556-41CF-BD80-4428C8E3AB02}.Release|Any CPU.ActiveCfg = Release|Any CPU
		{BD9C7710-8556-41CF-BD80-4428C8E3AB02}.Release|Any CPU.Build.0 = Release|Any CPU
		{E3160A64-F581-43E0-8B85-A7A849136ACD}.Debug|Any CPU.ActiveCfg = Debug|Any CPU
		{E3160A64-F581-43E0-8B85-A7A849136ACD}.Debug|Any CPU.Build.0 = Debug|Any CPU
		{E3160A64-F581-43E0-8B85-A7A849136ACD}.Release|Any CPU.ActiveCfg = Release|Any CPU
		{E3160A64-F581-43E0-8B85-A7A849136ACD}.Release|Any CPU.Build.0 = Release|Any CPU
		{D3C0B798-A4DC-4F86-9887-D372A855436E}.Debug|Any CPU.ActiveCfg = Debug|Any CPU
		{D3C0B798-A4DC-4F86-9887-D372A855436E}.Debug|Any CPU.Build.0 = Debug|Any CPU
		{D3C0B798-A4DC-4F86-9887-D372A855436E}.Release|Any CPU.ActiveCfg = Release|Any CPU
		{D3C0B798-A4DC-4F86-9887-D372A855436E}.Release|Any CPU.Build.0 = Release|Any CPU
		{48804E3B-73BD-41B4-9B21-55755DC4CC5C}.Debug|Any CPU.ActiveCfg = Debug|Any CPU
		{48804E3B-73BD-41B4-9B21-55755DC4CC5C}.Debug|Any CPU.Build.0 = Debug|Any CPU
		{48804E3B-73BD-41B4-9B21-55755DC4CC5C}.Release|Any CPU.ActiveCfg = Release|Any CPU
		{48804E3B-73BD-41B4-9B21-55755DC4CC5C}.Release|Any CPU.Build.0 = Release|Any CPU
		{FEE79E76-F1DA-420A-B91F-E7A801B3B40F}.Debug|Any CPU.ActiveCfg = Debug|Any CPU
		{FEE79E76-F1DA-420A-B91F-E7A801B3B40F}.Debug|Any CPU.Build.0 = Debug|Any CPU
		{FEE79E76-F1DA-420A-B91F-E7A801B3B40F}.Release|Any CPU.ActiveCfg = Release|Any CPU
		{FEE79E76-F1DA-420A-B91F-E7A801B3B40F}.Release|Any CPU.Build.0 = Release|Any CPU
	EndGlobalSection
	GlobalSection(SolutionProperties) = preSolution
		HideSolutionNode = FALSE
	EndGlobalSection
	GlobalSection(ExtensibilityGlobals) = postSolution
		SolutionGuid = {8238378D-D839-4FBD-B12F-221B43748A56}
	EndGlobalSection
EndGlobal
